// !$*UTF8*$!
{
	archiveVersion = 1;
	classes = {
	};
	objectVersion = 50;
	objects = {

/* Begin PBXBuildFile section */
		381CAFE020AE0A310083C23A /* AppDelegate.swift in Sources */ = {isa = PBXBuildFile; fileRef = 381CAFDF20AE0A310083C23A /* AppDelegate.swift */; };
		381CAFE220AE0A310083C23A /* ViewController.swift in Sources */ = {isa = PBXBuildFile; fileRef = 381CAFE120AE0A310083C23A /* ViewController.swift */; };
		381CAFE520AE0A310083C23A /* Main.storyboard in Resources */ = {isa = PBXBuildFile; fileRef = 381CAFE320AE0A310083C23A /* Main.storyboard */; };
		381CAFE720AE0A320083C23A /* Assets.xcassets in Resources */ = {isa = PBXBuildFile; fileRef = 381CAFE620AE0A320083C23A /* Assets.xcassets */; };
		381CAFEA20AE0A320083C23A /* LaunchScreen.storyboard in Resources */ = {isa = PBXBuildFile; fileRef = 381CAFE820AE0A320083C23A /* LaunchScreen.storyboard */; };
		381CAFF320AE0A7F0083C23A /* VisualRecognitionV3.framework in Frameworks */ = {isa = PBXBuildFile; fileRef = 381CAFF120AE0A7F0083C23A /* VisualRecognitionV3.framework */; };
		381CAFF420AE0A7F0083C23A /* VisualRecognitionV3.framework in Embed Frameworks */ = {isa = PBXBuildFile; fileRef = 381CAFF120AE0A7F0083C23A /* VisualRecognitionV3.framework */; settings = {ATTRIBUTES = (CodeSignOnCopy, RemoveHeadersOnCopy, ); }; };
		381CAFF520AE0A7F0083C23A /* SVProgressHUD.framework in Frameworks */ = {isa = PBXBuildFile; fileRef = 381CAFF220AE0A7F0083C23A /* SVProgressHUD.framework */; };
		381CAFF620AE0A7F0083C23A /* SVProgressHUD.framework in Embed Frameworks */ = {isa = PBXBuildFile; fileRef = 381CAFF220AE0A7F0083C23A /* SVProgressHUD.framework */; settings = {ATTRIBUTES = (CodeSignOnCopy, RemoveHeadersOnCopy, ); }; };
		3843233720AFD0E50009D4D3 /* TwitterKit.framework in Frameworks */ = {isa = PBXBuildFile; fileRef = 3843233520AFD0E50009D4D3 /* TwitterKit.framework */; };
		3843233820AFD0E50009D4D3 /* TwitterKit.framework in Embed Frameworks */ = {isa = PBXBuildFile; fileRef = 3843233520AFD0E50009D4D3 /* TwitterKit.framework */; settings = {ATTRIBUTES = (CodeSignOnCopy, RemoveHeadersOnCopy, ); }; };
		3843233920AFD0E50009D4D3 /* TwitterShareExtensionUI.framework in Frameworks */ = {isa = PBXBuildFile; fileRef = 3843233620AFD0E50009D4D3 /* TwitterShareExtensionUI.framework */; };
		3843233A20AFD0E50009D4D3 /* TwitterShareExtensionUI.framework in Embed Frameworks */ = {isa = PBXBuildFile; fileRef = 3843233620AFD0E50009D4D3 /* TwitterShareExtensionUI.framework */; settings = {ATTRIBUTES = (CodeSignOnCopy, RemoveHeadersOnCopy, ); }; };
		3843234320AFD5440009D4D3 /* TwitterCore.framework in CopyFiles */ = {isa = PBXBuildFile; fileRef = 3843234020AFD5440009D4D3 /* TwitterCore.framework */; settings = {ATTRIBUTES = (CodeSignOnCopy, RemoveHeadersOnCopy, ); }; };
/* End PBXBuildFile section */

/* Begin PBXCopyFilesBuildPhase section */
		381CAFF720AE0A7F0083C23A /* Embed Frameworks */ = {
			isa = PBXCopyFilesBuildPhase;
			buildActionMask = 2147483647;
			dstPath = "";
			dstSubfolderSpec = 10;
			files = (
				381CAFF620AE0A7F0083C23A /* SVProgressHUD.framework in Embed Frameworks */,
				381CAFF420AE0A7F0083C23A /* VisualRecognitionV3.framework in Embed Frameworks */,
				3843233A20AFD0E50009D4D3 /* TwitterShareExtensionUI.framework in Embed Frameworks */,
				3843233820AFD0E50009D4D3 /* TwitterKit.framework in Embed Frameworks */,
			);
			name = "Embed Frameworks";
			runOnlyForDeploymentPostprocessing = 0;
		};
		3843233E20AFD49F0009D4D3 /* CopyFiles */ = {
			isa = PBXCopyFilesBuildPhase;
			buildActionMask = 2147483647;
			dstPath = "";
			dstSubfolderSpec = 10;
			files = (
				3843234320AFD5440009D4D3 /* TwitterCore.framework in CopyFiles */,
			);
			runOnlyForDeploymentPostprocessing = 0;
		};
/* End PBXCopyFilesBuildPhase section */

/* Begin PBXFileReference section */
		381CAFDC20AE0A310083C23A /* SeeFoodPro.app */ = {isa = PBXFileReference; explicitFileType = wrapper.application; includeInIndex = 0; path = SeeFoodPro.app; sourceTree = BUILT_PRODUCTS_DIR; };
		381CAFDF20AE0A310083C23A /* AppDelegate.swift */ = {isa = PBXFileReference; lastKnownFileType = sourcecode.swift; path = AppDelegate.swift; sourceTree = "<group>"; };
		381CAFE120AE0A310083C23A /* ViewController.swift */ = {isa = PBXFileReference; lastKnownFileType = sourcecode.swift; path = ViewController.swift; sourceTree = "<group>"; };
		381CAFE420AE0A310083C23A /* Base */ = {isa = PBXFileReference; lastKnownFileType = file.storyboard; name = Base; path = Base.lproj/Main.storyboard; sourceTree = "<group>"; };
		381CAFE620AE0A320083C23A /* Assets.xcassets */ = {isa = PBXFileReference; lastKnownFileType = folder.assetcatalog; path = Assets.xcassets; sourceTree = "<group>"; };
		381CAFE920AE0A320083C23A /* Base */ = {isa = PBXFileReference; lastKnownFileType = file.storyboard; name = Base; path = Base.lproj/LaunchScreen.storyboard; sourceTree = "<group>"; };
		381CAFEB20AE0A320083C23A /* Info.plist */ = {isa = PBXFileReference; lastKnownFileType = text.plist.xml; path = Info.plist; sourceTree = "<group>"; };
		381CAFF120AE0A7F0083C23A /* VisualRecognitionV3.framework */ = {isa = PBXFileReference; lastKnownFileType = wrapper.framework; path = VisualRecognitionV3.framework; sourceTree = "<group>"; };
		381CAFF220AE0A7F0083C23A /* SVProgressHUD.framework */ = {isa = PBXFileReference; lastKnownFileType = wrapper.framework; path = SVProgressHUD.framework; sourceTree = "<group>"; };
		3843233520AFD0E50009D4D3 /* TwitterKit.framework */ = {isa = PBXFileReference; lastKnownFileType = wrapper.framework; path = TwitterKit.framework; sourceTree = "<group>"; };
		3843233620AFD0E50009D4D3 /* TwitterShareExtensionUI.framework */ = {isa = PBXFileReference; lastKnownFileType = wrapper.framework; path = TwitterShareExtensionUI.framework; sourceTree = "<group>"; };
		3843234020AFD5440009D4D3 /* TwitterCore.framework */ = {isa = PBXFileReference; lastKnownFileType = wrapper.framework; path = TwitterCore.framework; sourceTree = "<group>"; };
/* End PBXFileReference section */

/* Begin PBXFrameworksBuildPhase section */
		381CAFD920AE0A310083C23A /* Frameworks */ = {
			isa = PBXFrameworksBuildPhase;
			buildActionMask = 2147483647;
			files = (
				381CAFF520AE0A7F0083C23A /* SVProgressHUD.framework in Frameworks */,
				381CAFF320AE0A7F0083C23A /* VisualRecognitionV3.framework in Frameworks */,
				3843233920AFD0E50009D4D3 /* TwitterShareExtensionUI.framework in Frameworks */,
				3843233720AFD0E50009D4D3 /* TwitterKit.framework in Frameworks */,
			);
			runOnlyForDeploymentPostprocessing = 0;
		};
/* End PBXFrameworksBuildPhase section */

/* Begin PBXGroup section */
		381CAFD320AE0A310083C23A = {
			isa = PBXGroup;
			children = (
				3843233520AFD0E50009D4D3 /* TwitterKit.framework */,
				3843233620AFD0E50009D4D3 /* TwitterShareExtensionUI.framework */,
				3843234020AFD5440009D4D3 /* TwitterCore.framework */,
				381CAFF220AE0A7F0083C23A /* SVProgressHUD.framework */,
				381CAFF120AE0A7F0083C23A /* VisualRecognitionV3.framework */,
				381CAFDE20AE0A310083C23A /* SeeFoodPro */,
				381CAFDD20AE0A310083C23A /* Products */,
			);
			sourceTree = "<group>";
		};
		381CAFDD20AE0A310083C23A /* Products */ = {
			isa = PBXGroup;
			children = (
				381CAFDC20AE0A310083C23A /* SeeFoodPro.app */,
			);
			name = Products;
			sourceTree = "<group>";
		};
		381CAFDE20AE0A310083C23A /* SeeFoodPro */ = {
			isa = PBXGroup;
			children = (
				381CAFDF20AE0A310083C23A /* AppDelegate.swift */,
				381CAFE120AE0A310083C23A /* ViewController.swift */,
				381CAFE320AE0A310083C23A /* Main.storyboard */,
				381CAFE620AE0A320083C23A /* Assets.xcassets */,
				381CAFE820AE0A320083C23A /* LaunchScreen.storyboard */,
				381CAFEB20AE0A320083C23A /* Info.plist */,
			);
			path = SeeFoodPro;
			sourceTree = "<group>";
		};
/* End PBXGroup section */

/* Begin PBXNativeTarget section */
		381CAFDB20AE0A310083C23A /* SeeFoodPro */ = {
			isa = PBXNativeTarget;
			buildConfigurationList = 381CAFEE20AE0A320083C23A /* Build configuration list for PBXNativeTarget "SeeFoodPro" */;
			buildPhases = (
				381CAFD820AE0A310083C23A /* Sources */,
				381CAFD920AE0A310083C23A /* Frameworks */,
				381CAFDA20AE0A310083C23A /* Resources */,
				381CAFF720AE0A7F0083C23A /* Embed Frameworks */,
				3843233E20AFD49F0009D4D3 /* CopyFiles */,
			);
			buildRules = (
			);
			dependencies = (
			);
			name = SeeFoodPro;
			productName = SeeFoodPro;
			productReference = 381CAFDC20AE0A310083C23A /* SeeFoodPro.app */;
			productType = "com.apple.product-type.application";
		};
/* End PBXNativeTarget section */

/* Begin PBXProject section */
		381CAFD420AE0A310083C23A /* Project object */ = {
			isa = PBXProject;
			attributes = {
				LastSwiftUpdateCheck = 0930;
				LastUpgradeCheck = 0930;
				ORGANIZATIONNAME = "Eric Andersen";
				TargetAttributes = {
					381CAFDB20AE0A310083C23A = {
						CreatedOnToolsVersion = 9.3.1;
					};
				};
			};
			buildConfigurationList = 381CAFD720AE0A310083C23A /* Build configuration list for PBXProject "SeeFoodPro" */;
			compatibilityVersion = "Xcode 9.3";
			developmentRegion = en;
			hasScannedForEncodings = 0;
			knownRegions = (
				en,
				Base,
			);
			mainGroup = 381CAFD320AE0A310083C23A;
			productRefGroup = 381CAFDD20AE0A310083C23A /* Products */;
			projectDirPath = "";
			projectRoot = "";
			targets = (
				381CAFDB20AE0A310083C23A /* SeeFoodPro */,
			);
		};
/* End PBXProject section */

/* Begin PBXResourcesBuildPhase section */
		381CAFDA20AE0A310083C23A /* Resources */ = {
			isa = PBXResourcesBuildPhase;
			buildActionMask = 2147483647;
			files = (
				381CAFEA20AE0A320083C23A /* LaunchScreen.storyboard in Resources */,
				381CAFE720AE0A320083C23A /* Assets.xcassets in Resources */,
				381CAFE520AE0A310083C23A /* Main.storyboard in Resources */,
			);
			runOnlyForDeploymentPostprocessing = 0;
		};
/* End PBXResourcesBuildPhase section */

/* Begin PBXSourcesBuildPhase section */
		381CAFD820AE0A310083C23A /* Sources */ = {
			isa = PBXSourcesBuildPhase;
			buildActionMask = 2147483647;
			files = (
				381CAFE220AE0A310083C23A /* ViewController.swift in Sources */,
				381CAFE020AE0A310083C23A /* AppDelegate.swift in Sources */,
			);
			runOnlyForDeploymentPostprocessing = 0;
		};
/* End PBXSourcesBuildPhase section */

/* Begin PBXVariantGroup section */
		381CAFE320AE0A310083C23A /* Main.storyboard */ = {
			isa = PBXVariantGroup;
			children = (
				381CAFE420AE0A310083C23A /* Base */,
			);
			name = Main.storyboard;
			sourceTree = "<group>";
		};
		381CAFE820AE0A320083C23A /* LaunchScreen.storyboard */ = {
			isa = PBXVariantGroup;
			children = (
				381CAFE920AE0A320083C23A /* Base */,
			);
			name = LaunchScreen.storyboard;
			sourceTree = "<group>";
		};
/* End PBXVariantGroup section */

/* Begin XCBuildConfiguration section */
		381CAFEC20AE0A320083C23A /* Debug */ = {
			isa = XCBuildConfiguration;
			buildSettings = {
				ALWAYS_SEARCH_USER_PATHS = NO;
				CLANG_ANALYZER_NONNULL = YES;
				CLANG_ANALYZER_NUMBER_OBJECT_CONVERSION = YES_AGGRESSIVE;
				CLANG_CXX_LANGUAGE_STANDARD = "gnu++14";
				CLANG_CXX_LIBRARY = "libc++";
				CLANG_ENABLE_MODULES = YES;
				CLANG_ENABLE_OBJC_ARC = YES;
				CLANG_ENABLE_OBJC_WEAK = YES;
				CLANG_WARN_BLOCK_CAPTURE_AUTORELEASING = YES;
				CLANG_WARN_BOOL_CONVERSION = YES;
				CLANG_WARN_COMMA = YES;
				CLANG_WARN_CONSTANT_CONVERSION = YES;
				CLANG_WARN_DEPRECATED_OBJC_IMPLEMENTATIONS = YES;
				CLANG_WARN_DIRECT_OBJC_ISA_USAGE = YES_ERROR;
				CLANG_WARN_DOCUMENTATION_COMMENTS = YES;
				CLANG_WARN_EMPTY_BODY = YES;
				CLANG_WARN_ENUM_CONVERSION = YES;
				CLANG_WARN_INFINITE_RECURSION = YES;
				CLANG_WARN_INT_CONVERSION = YES;
				CLANG_WARN_NON_LITERAL_NULL_CONVERSION = YES;
				CLANG_WARN_OBJC_IMPLICIT_RETAIN_SELF = YES;
				CLANG_WARN_OBJC_LITERAL_CONVERSION = YES;
				CLANG_WARN_OBJC_ROOT_CLASS = YES_ERROR;
				CLANG_WARN_RANGE_LOOP_ANALYSIS = YES;
				CLANG_WARN_STRICT_PROTOTYPES = YES;
				CLANG_WARN_SUSPICIOUS_MOVE = YES;
				CLANG_WARN_UNGUARDED_AVAILABILITY = YES_AGGRESSIVE;
				CLANG_WARN_UNREACHABLE_CODE = YES;
				CLANG_WARN__DUPLICATE_METHOD_MATCH = YES;
				CODE_SIGN_IDENTITY = "iPhone Developer";
				COPY_PHASE_STRIP = NO;
				DEBUG_INFORMATION_FORMAT = dwarf;
				ENABLE_STRICT_OBJC_MSGSEND = YES;
				ENABLE_TESTABILITY = YES;
				GCC_C_LANGUAGE_STANDARD = gnu11;
				GCC_DYNAMIC_NO_PIC = NO;
				GCC_NO_COMMON_BLOCKS = YES;
				GCC_OPTIMIZATION_LEVEL = 0;
				GCC_PREPROCESSOR_DEFINITIONS = (
					"DEBUG=1",
					"$(inherited)",
				);
				GCC_WARN_64_TO_32_BIT_CONVERSION = YES;
				GCC_WARN_ABOUT_RETURN_TYPE = YES_ERROR;
				GCC_WARN_UNDECLARED_SELECTOR = YES;
				GCC_WARN_UNINITIALIZED_AUTOS = YES_AGGRESSIVE;
				GCC_WARN_UNUSED_FUNCTION = YES;
				GCC_WARN_UNUSED_VARIABLE = YES;
				IPHONEOS_DEPLOYMENT_TARGET = 11.3;
				MTL_ENABLE_DEBUG_INFO = YES;
				ONLY_ACTIVE_ARCH = YES;
				SDKROOT = iphoneos;
				SWIFT_ACTIVE_COMPILATION_CONDITIONS = DEBUG;
				SWIFT_OPTIMIZATION_LEVEL = "-Onone";
			};
			name = Debug;
		};
		381CAFED20AE0A320083C23A /* Release */ = {
			isa = XCBuildConfiguration;
			buildSettings = {
				ALWAYS_SEARCH_USER_PATHS = NO;
				CLANG_ANALYZER_NONNULL = YES;
				CLANG_ANALYZER_NUMBER_OBJECT_CONVERSION = YES_AGGRESSIVE;
				CLANG_CXX_LANGUAGE_STANDARD = "gnu++14";
				CLANG_CXX_LIBRARY = "libc++";
				CLANG_ENABLE_MODULES = YES;
				CLANG_ENABLE_OBJC_ARC = YES;
				CLANG_ENABLE_OBJC_WEAK = YES;
				CLANG_WARN_BLOCK_CAPTURE_AUTORELEASING = YES;
				CLANG_WARN_BOOL_CONVERSION = YES;
				CLANG_WARN_COMMA = YES;
				CLANG_WARN_CONSTANT_CONVERSION = YES;
				CLANG_WARN_DEPRECATED_OBJC_IMPLEMENTATIONS = YES;
				CLANG_WARN_DIRECT_OBJC_ISA_USAGE = YES_ERROR;
				CLANG_WARN_DOCUMENTATION_COMMENTS = YES;
				CLANG_WARN_EMPTY_BODY = YES;
				CLANG_WARN_ENUM_CONVERSION = YES;
				CLANG_WARN_INFINITE_RECURSION = YES;
				CLANG_WARN_INT_CONVERSION = YES;
				CLANG_WARN_NON_LITERAL_NULL_CONVERSION = YES;
				CLANG_WARN_OBJC_IMPLICIT_RETAIN_SELF = YES;
				CLANG_WARN_OBJC_LITERAL_CONVERSION = YES;
				CLANG_WARN_OBJC_ROOT_CLASS = YES_ERROR;
				CLANG_WARN_RANGE_LOOP_ANALYSIS = YES;
				CLANG_WARN_STRICT_PROTOTYPES = YES;
				CLANG_WARN_SUSPICIOUS_MOVE = YES;
				CLANG_WARN_UNGUARDED_AVAILABILITY = YES_AGGRESSIVE;
				CLANG_WARN_UNREACHABLE_CODE = YES;
				CLANG_WARN__DUPLICATE_METHOD_MATCH = YES;
				CODE_SIGN_IDENTITY = "iPhone Developer";
				COPY_PHASE_STRIP = NO;
				DEBUG_INFORMATION_FORMAT = "dwarf-with-dsym";
				ENABLE_NS_ASSERTIONS = NO;
				ENABLE_STRICT_OBJC_MSGSEND = YES;
				GCC_C_LANGUAGE_STANDARD = gnu11;
				GCC_NO_COMMON_BLOCKS = YES;
				GCC_WARN_64_TO_32_BIT_CONVERSION = YES;
				GCC_WARN_ABOUT_RETURN_TYPE = YES_ERROR;
				GCC_WARN_UNDECLARED_SELECTOR = YES;
				GCC_WARN_UNINITIALIZED_AUTOS = YES_AGGRESSIVE;
				GCC_WARN_UNUSED_FUNCTION = YES;
				GCC_WARN_UNUSED_VARIABLE = YES;
				IPHONEOS_DEPLOYMENT_TARGET = 11.3;
				MTL_ENABLE_DEBUG_INFO = NO;
				SDKROOT = iphoneos;
				SWIFT_COMPILATION_MODE = wholemodule;
				SWIFT_OPTIMIZATION_LEVEL = "-O";
				VALIDATE_PRODUCT = YES;
			};
			name = Release;
		};
		381CAFEF20AE0A320083C23A /* Debug */ = {
			isa = XCBuildConfiguration;
			buildSettings = {
				ASSETCATALOG_COMPILER_APPICON_NAME = AppIcon;
				CODE_SIGN_STYLE = Automatic;
				DEVELOPMENT_TEAM = S2V96BB45E;
				FRAMEWORK_SEARCH_PATHS = (
					"$(inherited)",
					"$(PROJECT_DIR)",
				);
				INFOPLIST_FILE = SeeFoodPro/Info.plist;
				LD_RUNPATH_SEARCH_PATHS = (
					"$(inherited)",
					"@executable_path/Frameworks",
				);
				PRODUCT_BUNDLE_IDENTIFIER = com.EricAndersen.SeeFoodPro;
				PRODUCT_NAME = "$(TARGET_NAME)";
				SWIFT_VERSION = 4.0;
				TARGETED_DEVICE_FAMILY = "1,2";
			};
			name = Debug;
		};
		381CAFF020AE0A320083C23A /* Release */ = {
			isa = XCBuildConfiguration;
			buildSettings = {
				ASSETCATALOG_COMPILER_APPICON_NAME = AppIcon;
				CODE_SIGN_STYLE = Automatic;
				DEVELOPMENT_TEAM = S2V96BB45E;
				FRAMEWORK_SEARCH_PATHS = (
					"$(inherited)",
					"$(PROJECT_DIR)",
				);
				INFOPLIST_FILE = SeeFoodPro/Info.plist;
				LD_RUNPATH_SEARCH_PATHS = (
					"$(inherited)",
					"@executable_path/Frameworks",
				);
				PRODUCT_BUNDLE_IDENTIFIER = com.EricAndersen.SeeFoodPro;
				PRODUCT_NAME = "$(TARGET_NAME)";
				SWIFT_VERSION = 4.0;
				TARGETED_DEVICE_FAMILY = "1,2";
			};
			name = Release;
		};
/* End XCBuildConfiguration section */

/* Begin XCConfigurationList section */
		381CAFD720AE0A310083C23A /* Build configuration list for PBXProject "SeeFoodPro" */ = {
			isa = XCConfigurationList;
			buildConfigurations = (
				381CAFEC20AE0A320083C23A /* Debug */,
				381CAFED20AE0A320083C23A /* Release */,
			);
			defaultConfigurationIsVisible = 0;
			defaultConfigurationName = Release;
		};
		381CAFEE20AE0A320083C23A /* Build configuration list for PBXNativeTarget "SeeFoodPro" */ = {
			isa = XCConfigurationList;
			buildConfigurations = (
				381CAFEF20AE0A320083C23A /* Debug */,
				381CAFF020AE0A320083C23A /* Release */,
			);
			defaultConfigurationIsVisible = 0;
			defaultConfigurationName = Release;
		};
/* End XCConfigurationList section */
	};
	rootObject = 381CAFD420AE0A310083C23A /* Project object */;
}
